# This file is generated by running "yarn install" inside your project.
# Manual changes might be lost - proceed with caution!

__metadata:
  version: 6
  cacheKey: 8

"@pefish/create-app@workspace:.":
  version: 0.0.0-use.local
  resolution: "@pefish/create-app@workspace:."
  dependencies:
    "@pefish/js-helper-shell": ^0.1.2
    "@pefish/js-node-assist": ^1.0.1
    "@types/chai": ^4.1.7
    "@types/mocha": ^5.2.6
    "@types/node": ^11.13.7
    chalk: ^2.4.2
    commander: ^5.0.0
    ts-node: ^9.0.0
    typescript: ^4.0.2
  bin:
    create-app: app.js
  languageName: unknown
  linkType: soft

"@pefish/js-error@npm:^0.1.2":
  version: 0.1.2
  resolution: "@pefish/js-error@npm:0.1.2"
  checksum: c7c86fe4adbd59345241c1bff1b6758445fb71632248df8f6edb98ecc742b7593a7148b90d4a08714305c44e873a213638b3d782deff36342b4cb6d4530be6d7
  languageName: node
  linkType: hard

"@pefish/js-helper-shell@npm:^0.1.2":
  version: 0.1.2
  resolution: "@pefish/js-helper-shell@npm:0.1.2"
  dependencies:
    shelljs: ^0.8.3
  checksum: 442783949213eca3df7d54af8c7d6484d89b14489bf9ff32dcff9d874e2f31ac38de17c11b8524264b9b603cb971b412fcd25da58a7da77484ceb690ebbe02b8
  languageName: node
  linkType: hard

"@pefish/js-node-assist@npm:^1.0.1":
  version: 1.0.1
  resolution: "@pefish/js-node-assist@npm:1.0.1"
  dependencies:
    "@pefish/js-error": ^0.1.2
    bignumber.js: ^8.1.1
  checksum: 621957fec92438c6dacc95ca249cfc7c7d9100b90a776732c828186793e12d1acaa504d6cda2ee57650155543b3254262dce994f48502427dcfb1231655fe64c
  languageName: node
  linkType: hard

"@types/chai@npm:^4.1.7":
  version: 4.1.7
  resolution: "@types/chai@npm:4.1.7"
  checksum: 55b3d33a9a7b8a6993342e801d3f65381ee327e5838b390bfe97c4b84a3dfeaf7cdadbedf6d81443d49dbfdf39c858342eb17179e513f4668f2f9fe666ec7069
  languageName: node
  linkType: hard

"@types/mocha@npm:^5.2.6":
  version: 5.2.7
  resolution: "@types/mocha@npm:5.2.7"
  checksum: 446e64292f37f4eac9221161f4c1026dd4a0dbeea0f16c4617227fcf5a1286b53d97e36a32ff7cb3a0435ab78791dd43e9ac1006f92abedb47d7d1d7636cb55c
  languageName: node
  linkType: hard

"@types/node@npm:^11.13.7":
  version: 11.13.18
  resolution: "@types/node@npm:11.13.18"
  checksum: f2455a3fdbbe91546e4b4ecf4bf823c0fc42ed45cddea1684db7f40c1b01d1f5c6778e3994cc2c4218386fc75cefe781c7eead720e3b5b6f3b350a14fed7424a
  languageName: node
  linkType: hard

"ansi-styles@npm:^3.2.1":
  version: 3.2.1
  resolution: "ansi-styles@npm:3.2.1"
  dependencies:
    color-convert: ^1.9.0
  checksum: d85ade01c10e5dd77b6c89f34ed7531da5830d2cb5882c645f330079975b716438cd7ebb81d0d6e6b4f9c577f19ae41ab55f07f19786b02f9dfd9e0377395665
  languageName: node
  linkType: hard

"arg@npm:^4.1.0":
  version: 4.1.1
  resolution: "arg@npm:4.1.1"
  checksum: 96d93faf11fe083b202903cf95867d629041b40ef1360f5b1a5897e0e7454225970267212586e716615c971af113a96472641e0f3c0a711d6e02ee32002f73e8
  languageName: node
  linkType: hard

"balanced-match@npm:^1.0.0":
  version: 1.0.0
  resolution: "balanced-match@npm:1.0.0"
  checksum: 9b67bfe558772f40cf743a3469b48b286aecec2ea9fe80c48d74845e53aab1cef524fafedf123a63019b49ac397760573ef5f173f539423061f7217cbb5fbd40
  languageName: node
  linkType: hard

"bignumber.js@npm:^8.1.1":
  version: 8.1.1
  resolution: "bignumber.js@npm:8.1.1"
  checksum: 71544348507cd16c2c152699a8e5146964d9cf4f46108075bcd16a964dffb3963256259fc6ffc9753b4d33dfd0cf863a6b564103a3a20e10002f12a1902e8075
  languageName: node
  linkType: hard

"brace-expansion@npm:^1.1.7":
  version: 1.1.11
  resolution: "brace-expansion@npm:1.1.11"
  dependencies:
    balanced-match: ^1.0.0
    concat-map: 0.0.1
  checksum: faf34a7bb0c3fcf4b59c7808bc5d2a96a40988addf2e7e09dfbb67a2251800e0d14cd2bfc1aa79174f2f5095c54ff27f46fb1289fe2d77dac755b5eb3434cc07
  languageName: node
  linkType: hard

"buffer-from@npm:^1.0.0":
  version: 1.1.1
  resolution: "buffer-from@npm:1.1.1"
  checksum: ccc53b69736008bff764497367c4d24879ba7122bc619ee499ff47eef3a5b885ca496e87272e7ebffa0bec3804c83f84041c616f6e3318f40624e27c1d80f045
  languageName: node
  linkType: hard

"chalk@npm:^2.4.2":
  version: 2.4.2
  resolution: "chalk@npm:2.4.2"
  dependencies:
    ansi-styles: ^3.2.1
    escape-string-regexp: ^1.0.5
    supports-color: ^5.3.0
  checksum: ec3661d38fe77f681200f878edbd9448821924e0f93a9cefc0e26a33b145f1027a2084bf19967160d11e1f03bfe4eaffcabf5493b89098b2782c3fe0b03d80c2
  languageName: node
  linkType: hard

"color-convert@npm:^1.9.0":
  version: 1.9.3
  resolution: "color-convert@npm:1.9.3"
  dependencies:
    color-name: 1.1.3
  checksum: fd7a64a17cde98fb923b1dd05c5f2e6f7aefda1b60d67e8d449f9328b4e53b228a428fd38bfeaeb2db2ff6b6503a776a996150b80cdf224062af08a5c8a3a203
  languageName: node
  linkType: hard

"color-name@npm:1.1.3":
  version: 1.1.3
  resolution: "color-name@npm:1.1.3"
  checksum: 09c5d3e33d2105850153b14466501f2bfb30324a2f76568a408763a3b7433b0e50e5b4ab1947868e65cb101bb7cb75029553f2c333b6d4b8138a73fcc133d69d
  languageName: node
  linkType: hard

"commander@npm:^5.0.0":
  version: 5.0.0
  resolution: "commander@npm:5.0.0"
  checksum: 55cb7e3fa1ada53f9109f1475e981daeb6886c1bb67c6c2f0e492d37fd52e2c2359131d0d869114e20c66907c19faeac606ee1d00ff7b822b1a37219e07d6282
  languageName: node
  linkType: hard

"concat-map@npm:0.0.1":
  version: 0.0.1
  resolution: "concat-map@npm:0.0.1"
  checksum: 902a9f5d8967a3e2faf138d5cb784b9979bad2e6db5357c5b21c568df4ebe62bcb15108af1b2253744844eb964fc023fbd9afbbbb6ddd0bcc204c6fb5b7bf3af
  languageName: node
  linkType: hard

"diff@npm:^4.0.1":
  version: 4.0.1
  resolution: "diff@npm:4.0.1"
  checksum: d426381c0847ce1038771007622998ce31962e00d5d1a1f02d17e53b9af3bec9dfa24b967c9208e34f35bd13f9bd807392fbc399fe8898df96175dae09fa2afc
  languageName: node
  linkType: hard

"escape-string-regexp@npm:^1.0.5":
  version: 1.0.5
  resolution: "escape-string-regexp@npm:1.0.5"
  checksum: 6092fda75c63b110c706b6a9bfde8a612ad595b628f0bd2147eea1d3406723020810e591effc7db1da91d80a71a737a313567c5abb3813e8d9c71f4aa595b410
  languageName: node
  linkType: hard

"fs.realpath@npm:^1.0.0":
  version: 1.0.0
  resolution: "fs.realpath@npm:1.0.0"
  checksum: 99ddea01a7e75aa276c250a04eedeffe5662bce66c65c07164ad6264f9de18fb21be9433ead460e54cff20e31721c811f4fb5d70591799df5f85dce6d6746fd0
  languageName: node
  linkType: hard

"glob@npm:^7.0.0":
  version: 7.1.4
  resolution: "glob@npm:7.1.4"
  dependencies:
    fs.realpath: ^1.0.0
    inflight: ^1.0.4
    inherits: 2
    minimatch: ^3.0.4
    once: ^1.3.0
    path-is-absolute: ^1.0.0
  checksum: f52480fc82b1e66e52990f0f2e7306447d12294c83fbbee0395e761ad1178172012a7cc0673dbf4810baac400fc09bf34484c08b5778c216403fd823db281716
  languageName: node
  linkType: hard

"has-flag@npm:^3.0.0":
  version: 3.0.0
  resolution: "has-flag@npm:3.0.0"
  checksum: 4a15638b454bf086c8148979aae044dd6e39d63904cd452d970374fa6a87623423da485dfb814e7be882e05c096a7ccf1ebd48e7e7501d0208d8384ff4dea73b
  languageName: node
  linkType: hard

"inflight@npm:^1.0.4":
  version: 1.0.6
  resolution: "inflight@npm:1.0.6"
  dependencies:
    once: ^1.3.0
    wrappy: 1
  checksum: f4f76aa072ce19fae87ce1ef7d221e709afb59d445e05d47fba710e85470923a75de35bfae47da6de1b18afc3ce83d70facf44cfb0aff89f0a3f45c0a0244dfd
  languageName: node
  linkType: hard

"inherits@npm:2":
  version: 2.0.4
  resolution: "inherits@npm:2.0.4"
  checksum: 4a48a733847879d6cf6691860a6b1e3f0f4754176e4d71494c41f3475553768b10f84b5ce1d40fbd0e34e6bfbb864ee35858ad4dd2cf31e02fc4a154b724d7f1
  languageName: node
  linkType: hard

"interpret@npm:^1.0.0":
  version: 1.2.0
  resolution: "interpret@npm:1.2.0"
  checksum: 85d5db9a4579f296ec9e63d38b38c768dc33db7ea0c63d5312131b23ffeee9fb8c6021db22dd0b2827030f6214a512e658a319a56ad446f487c6b1fce8b67edd
  languageName: node
  linkType: hard

"make-error@npm:^1.1.1":
  version: 1.3.5
  resolution: "make-error@npm:1.3.5"
  checksum: bb9578cb5f36df27509b2a269fc5fda483130096e2989fff8788c2608ed01be780d1e85ba3653e27c0863a114c560410b410be89e19271cb5ff987c37a17c1fd
  languageName: node
  linkType: hard

"minimatch@npm:^3.0.4":
  version: 3.0.4
  resolution: "minimatch@npm:3.0.4"
  dependencies:
    brace-expansion: ^1.1.7
  checksum: 66ac295f8a7b59788000ea3749938b0970344c841750abd96694f80269b926ebcafad3deeb3f1da2522978b119e6ae3a5869b63b13a7859a456b3408bd18a078
  languageName: node
  linkType: hard

"once@npm:^1.3.0":
  version: 1.4.0
  resolution: "once@npm:1.4.0"
  dependencies:
    wrappy: 1
  checksum: cd0a88501333edd640d95f0d2700fbde6bff20b3d4d9bdc521bdd31af0656b5706570d6c6afe532045a20bb8dc0849f8332d6f2a416e0ba6d3d3b98806c7db68
  languageName: node
  linkType: hard

"path-is-absolute@npm:^1.0.0":
  version: 1.0.1
  resolution: "path-is-absolute@npm:1.0.1"
  checksum: 060840f92cf8effa293bcc1bea81281bd7d363731d214cbe5c227df207c34cd727430f70c6037b5159c8a870b9157cba65e775446b0ab06fd5ecc7e54615a3b8
  languageName: node
  linkType: hard

"path-parse@npm:^1.0.6":
  version: 1.0.7
  resolution: "path-parse@npm:1.0.7"
  checksum: 49abf3d81115642938a8700ec580da6e830dde670be21893c62f4e10bd7dd4c3742ddc603fe24f898cba7eb0c6bc1777f8d9ac14185d34540c6d4d80cd9cae8a
  languageName: node
  linkType: hard

"rechoir@npm:^0.6.2":
  version: 0.6.2
  resolution: "rechoir@npm:0.6.2"
  dependencies:
    resolve: ^1.1.6
  checksum: fe76bf9c21875ac16e235defedd7cbd34f333c02a92546142b7911a0f7c7059d2e16f441fe6fb9ae203f459c05a31b2bcf26202896d89e390eda7514d5d2702b
  languageName: node
  linkType: hard

"resolve@npm:^1.1.6":
  version: 1.11.1
  resolution: "resolve@npm:1.11.1"
  dependencies:
    path-parse: ^1.0.6
  checksum: 159d576da0a48c68c9b02b10bbf6a6b04bae17b468a53886d310199606a09f77eb6c2afa3da562429e1d1333a056d567bc0c13000935d14fa506476607bba254
  languageName: node
  linkType: hard

"resolve@patch:resolve@^1.1.6#~builtin<compat/resolve>":
  version: 1.11.1
  resolution: "resolve@patch:resolve@npm%3A1.11.1#~builtin<compat/resolve>::version=1.11.1&hash=07638b"
  dependencies:
    path-parse: ^1.0.6
  checksum: fc3e272f1b1016888441d4d78591f7cfa7eed88a24e3d1fa52299e91135c37fd455232c394972b8e1fcc1b8433b62db943d1a7cc4f18a7a0593eb15f99668777
  languageName: node
  linkType: hard

"shelljs@npm:^0.8.3":
  version: 0.8.3
  resolution: "shelljs@npm:0.8.3"
  dependencies:
    glob: ^7.0.0
    interpret: ^1.0.0
    rechoir: ^0.6.2
  bin:
    shjs: ./bin/shjs
  checksum: 482df6006e7ea562702e149312a3ca829976606cbe945acfc664cc012999845e4aa6c010a1007701248e4da8c68ef105e3c4f33a85e73b021c37826c6faa5bd8
  languageName: node
  linkType: hard

"source-map-support@npm:^0.5.17":
  version: 0.5.19
  resolution: "source-map-support@npm:0.5.19"
  dependencies:
    buffer-from: ^1.0.0
    source-map: ^0.6.0
  checksum: c72802fdba9cb62b92baef18cc14cc4047608b77f0353e6c36dd993444149a466a2845332c5540d4a6630957254f0f68f4ef5a0120c33d2e83974c51a05afbac
  languageName: node
  linkType: hard

"source-map@npm:^0.6.0":
  version: 0.6.1
  resolution: "source-map@npm:0.6.1"
  checksum: 59ce8640cf3f3124f64ac289012c2b8bd377c238e316fb323ea22fbfe83da07d81e000071d7242cad7a23cd91c7de98e4df8830ec3f133cb6133a5f6e9f67bc2
  languageName: node
  linkType: hard

"supports-color@npm:^5.3.0":
  version: 5.5.0
  resolution: "supports-color@npm:5.5.0"
  dependencies:
    has-flag: ^3.0.0
  checksum: 95f6f4ba5afdf92f495b5a912d4abee8dcba766ae719b975c56c084f5004845f6f5a5f7769f52d53f40e21952a6d87411bafe34af4a01e65f9926002e38e1dac
  languageName: node
  linkType: hard

"ts-node@npm:^9.0.0":
  version: 9.0.0
  resolution: "ts-node@npm:9.0.0"
  dependencies:
    arg: ^4.1.0
    diff: ^4.0.1
    make-error: ^1.1.1
    source-map-support: ^0.5.17
    yn: 3.1.1
  peerDependencies:
    typescript: ">=2.7"
  bin:
    ts-node: dist/bin.js
    ts-node-script: dist/bin-script.js
    ts-node-transpile-only: dist/bin-transpile.js
    ts-script: dist/bin-script-deprecated.js
  checksum: 63105fa59b53a835dd7ca843e392fcbac699a19b861c3fae8a77d73b6205db14f84f45250f57309c782cd2f9fde566963c94b5499f7d6f7bbb1a367f4fb3099b
  languageName: node
  linkType: hard

"typescript@npm:^4.0.2":
  version: 4.0.2
  resolution: "typescript@npm:4.0.2"
  bin:
    tsc: bin/tsc
    tsserver: bin/tsserver
  checksum: 6cf7028c276551d86682bd5c484dbcbe97c129134ce0721fd33631c8866de578b45fdef77742d5fe0e783dc9de548e4502676afcbf266b895353dd7c0cf16f1d
  languageName: node
  linkType: hard

"typescript@patch:typescript@^4.0.2#~builtin<compat/typescript>":
  version: 4.0.2
  resolution: "typescript@patch:typescript@npm%3A4.0.2#~builtin<compat/typescript>::version=4.0.2&hash=a1c5e5"
  bin:
    tsc: bin/tsc
    tsserver: bin/tsserver
  checksum: b5d4ab564a427541d01c9da37d1ce46d401f21209432c24daaa33b9d82811c1928d64e0b16ae0f9c6cde67be3eed8ab9a214aab63e1f0643684313487d9a6b11
  languageName: node
  linkType: hard

"wrappy@npm:1":
  version: 1.0.2
  resolution: "wrappy@npm:1.0.2"
  checksum: 159da4805f7e84a3d003d8841557196034155008f817172d4e986bd591f74aa82aa7db55929a54222309e01079a65a92a9e6414da5a6aa4b01ee44a511ac3ee5
  languageName: node
  linkType: hard

"yn@npm:3.1.1":
  version: 3.1.1
  resolution: "yn@npm:3.1.1"
  checksum: 2c487b0e149e746ef48cda9f8bad10fc83693cd69d7f9dcd8be4214e985de33a29c9e24f3c0d6bcf2288427040a8947406ab27f7af67ee9456e6b84854f02dd6
  languageName: node
  linkType: hard
